
Microsoft Visual Studio Solution File, Format Version 12.00
# Visual Studio Version 16
VisualStudioVersion = 16.0.29123.88
MinimumVisualStudioVersion = 10.0.40219.1
Project("{FAE04EC0-301F-11D3-BF4B-00C04F79EFBC}") = "UsingApplication", "UsingApplication\UsingApplication.csproj", "{994B410D-8197-4CF6-B89E-8DD5F0850F4C}"
EndProject
Global
	GlobalSection(SolutionConfigurationPlatforms) = preSolution
		Debug|Any CPU = Debug|Any CPU
		Release|Any CPU = Release|Any CPU
	EndGlobalSection
	GlobalSection(ProjectConfigurationPlatforms) = postSolution
		{994B410D-8197-4CF6-B89E-8DD5F0850F4C}.Debug|Any CPU.ActiveCfg = Debug|Any CPU
		{994B410D-8197-4CF6-B89E-8DD5F0850F4C}.Debug|Any CPU.Build.0 = Debug|Any CPU
		{994B410D-8197-4CF6-B89E-8DD5F0850F4C}.Release|Any CPU.ActiveCfg = Release|Any CPU
		{994B410D-8197-4CF6-B89E-8DD5F0850F4C}.Release|Any CPU.Build.0 = Release|Any CPU
	EndGlobalSection
	GlobalSection(SolutionProperties) = preSolution
		HideSolutionNode = FALSE
	EndGlobalSection
	GlobalSection(ExtensibilityGlobals) = postSolution
		SolutionGuid = {D00F1FBE-B1FE-4E61-916D-AE0377B6CB9C}
	EndGlobalSection
EndGlobal
