
Microsoft Visual Studio Solution File, Format Version 12.00
# Visual Studio Version 16
VisualStudioVersion = 16.0.29123.88
MinimumVisualStudioVersion = 10.0.40219.1
Project("{FAE04EC0-301F-11D3-BF4B-00C04F79EFBC}") = "Casting", "Casting\Casting.csproj", "{B40B8159-8D06-401B-A757-CE37B77AAA68}"
EndProject
Global
	GlobalSection(SolutionConfigurationPlatforms) = preSolution
		Debug|Any CPU = Debug|Any CPU
		Release|Any CPU = Release|Any CPU
	EndGlobalSection
	GlobalSection(ProjectConfigurationPlatforms) = postSolution
		{B40B8159-8D06-401B-A757-CE37B77AAA68}.Debug|Any CPU.ActiveCfg = Debug|Any CPU
		{B40B8159-8D06-401B-A757-CE37B77AAA68}.Debug|Any CPU.Build.0 = Debug|Any CPU
		{B40B8159-8D06-401B-A757-CE37B77AAA68}.Release|Any CPU.ActiveCfg = Release|Any CPU
		{B40B8159-8D06-401B-A757-CE37B77AAA68}.Release|Any CPU.Build.0 = Release|Any CPU
	EndGlobalSection
	GlobalSection(SolutionProperties) = preSolution
		HideSolutionNode = FALSE
	EndGlobalSection
	GlobalSection(ExtensibilityGlobals) = postSolution
		SolutionGuid = {93B5A5B8-54A6-4299-96AD-4BCDC7DFA847}
	EndGlobalSection
EndGlobal
