
Microsoft Visual Studio Solution File, Format Version 12.00
# Visual Studio Version 16
VisualStudioVersion = 16.0.29123.88
MinimumVisualStudioVersion = 10.0.40219.1
Project("{FAE04EC0-301F-11D3-BF4B-00C04F79EFBC}") = "Inheritance", "Inheritance\Inheritance.csproj", "{96A21FBE-B86F-4F98-83C6-D5281F48849B}"
EndProject
Global
	GlobalSection(SolutionConfigurationPlatforms) = preSolution
		Debug|Any CPU = Debug|Any CPU
		Release|Any CPU = Release|Any CPU
	EndGlobalSection
	GlobalSection(ProjectConfigurationPlatforms) = postSolution
		{96A21FBE-B86F-4F98-83C6-D5281F48849B}.Debug|Any CPU.ActiveCfg = Debug|Any CPU
		{96A21FBE-B86F-4F98-83C6-D5281F48849B}.Debug|Any CPU.Build.0 = Debug|Any CPU
		{96A21FBE-B86F-4F98-83C6-D5281F48849B}.Release|Any CPU.ActiveCfg = Release|Any CPU
		{96A21FBE-B86F-4F98-83C6-D5281F48849B}.Release|Any CPU.Build.0 = Release|Any CPU
	EndGlobalSection
	GlobalSection(SolutionProperties) = preSolution
		HideSolutionNode = FALSE
	EndGlobalSection
	GlobalSection(ExtensibilityGlobals) = postSolution
		SolutionGuid = {04616944-A20A-483F-A42F-299510134D28}
	EndGlobalSection
EndGlobal
