
Microsoft Visual Studio Solution File, Format Version 12.00
# Visual Studio Version 16
VisualStudioVersion = 16.0.29123.88
MinimumVisualStudioVersion = 10.0.40219.1
Project("{FAE04EC0-301F-11D3-BF4B-00C04F79EFBC}") = "Overriding", "Overriding\Overriding.csproj", "{2CC15EAA-CC57-4311-84B7-3557ADE5D2C5}"
EndProject
Global
	GlobalSection(SolutionConfigurationPlatforms) = preSolution
		Debug|Any CPU = Debug|Any CPU
		Release|Any CPU = Release|Any CPU
	EndGlobalSection
	GlobalSection(ProjectConfigurationPlatforms) = postSolution
		{2CC15EAA-CC57-4311-84B7-3557ADE5D2C5}.Debug|Any CPU.ActiveCfg = Debug|Any CPU
		{2CC15EAA-CC57-4311-84B7-3557ADE5D2C5}.Debug|Any CPU.Build.0 = Debug|Any CPU
		{2CC15EAA-CC57-4311-84B7-3557ADE5D2C5}.Release|Any CPU.ActiveCfg = Release|Any CPU
		{2CC15EAA-CC57-4311-84B7-3557ADE5D2C5}.Release|Any CPU.Build.0 = Release|Any CPU
	EndGlobalSection
	GlobalSection(SolutionProperties) = preSolution
		HideSolutionNode = FALSE
	EndGlobalSection
	GlobalSection(ExtensibilityGlobals) = postSolution
		SolutionGuid = {0C6B3838-CD16-4949-A479-AD0BE4DAC145}
	EndGlobalSection
EndGlobal
