
Microsoft Visual Studio Solution File, Format Version 12.00
# Visual Studio Version 16
VisualStudioVersion = 16.0.29123.88
MinimumVisualStudioVersion = 10.0.40219.1
Project("{FAE04EC0-301F-11D3-BF4B-00C04F79EFBC}") = "SimpleWindow", "SimpleWindow\SimpleWindow.csproj", "{A1AD3260-C099-4173-B520-488B693206B6}"
EndProject
Global
	GlobalSection(SolutionConfigurationPlatforms) = preSolution
		Debug|Any CPU = Debug|Any CPU
		Release|Any CPU = Release|Any CPU
	EndGlobalSection
	GlobalSection(ProjectConfigurationPlatforms) = postSolution
		{A1AD3260-C099-4173-B520-488B693206B6}.Debug|Any CPU.ActiveCfg = Debug|Any CPU
		{A1AD3260-C099-4173-B520-488B693206B6}.Debug|Any CPU.Build.0 = Debug|Any CPU
		{A1AD3260-C099-4173-B520-488B693206B6}.Release|Any CPU.ActiveCfg = Release|Any CPU
		{A1AD3260-C099-4173-B520-488B693206B6}.Release|Any CPU.Build.0 = Release|Any CPU
	EndGlobalSection
	GlobalSection(SolutionProperties) = preSolution
		HideSolutionNode = FALSE
	EndGlobalSection
	GlobalSection(ExtensibilityGlobals) = postSolution
		SolutionGuid = {38F9E9DB-0ED8-4918-892A-16680BDD6F28}
	EndGlobalSection
EndGlobal
