
Microsoft Visual Studio Solution File, Format Version 12.00
# Visual Studio Version 16
VisualStudioVersion = 16.0.29123.88
MinimumVisualStudioVersion = 10.0.40219.1
Project("{FAE04EC0-301F-11D3-BF4B-00C04F79EFBC}") = "Structure", "Structure\Structure.csproj", "{9DC46EC6-31CC-433E-8149-37D06C1AB5E2}"
EndProject
Global
	GlobalSection(SolutionConfigurationPlatforms) = preSolution
		Debug|Any CPU = Debug|Any CPU
		Release|Any CPU = Release|Any CPU
	EndGlobalSection
	GlobalSection(ProjectConfigurationPlatforms) = postSolution
		{9DC46EC6-31CC-433E-8149-37D06C1AB5E2}.Debug|Any CPU.ActiveCfg = Debug|Any CPU
		{9DC46EC6-31CC-433E-8149-37D06C1AB5E2}.Debug|Any CPU.Build.0 = Debug|Any CPU
		{9DC46EC6-31CC-433E-8149-37D06C1AB5E2}.Release|Any CPU.ActiveCfg = Release|Any CPU
		{9DC46EC6-31CC-433E-8149-37D06C1AB5E2}.Release|Any CPU.Build.0 = Release|Any CPU
	EndGlobalSection
	GlobalSection(SolutionProperties) = preSolution
		HideSolutionNode = FALSE
	EndGlobalSection
	GlobalSection(ExtensibilityGlobals) = postSolution
		SolutionGuid = {AC842F3D-A489-4C9A-A883-BD957AD15759}
	EndGlobalSection
EndGlobal
