
Microsoft Visual Studio Solution File, Format Version 12.00
# Visual Studio Version 16
VisualStudioVersion = 16.0.29123.88
MinimumVisualStudioVersion = 10.0.40219.1
Project("{FAE04EC0-301F-11D3-BF4B-00C04F79EFBC}") = "8월 11일", "8월 11일\8월 11일.csproj", "{3EAAE009-9932-469D-9E92-4802BF9D937F}"
EndProject
Global
	GlobalSection(SolutionConfigurationPlatforms) = preSolution
		Debug|Any CPU = Debug|Any CPU
		Release|Any CPU = Release|Any CPU
	EndGlobalSection
	GlobalSection(ProjectConfigurationPlatforms) = postSolution
		{3EAAE009-9932-469D-9E92-4802BF9D937F}.Debug|Any CPU.ActiveCfg = Debug|Any CPU
		{3EAAE009-9932-469D-9E92-4802BF9D937F}.Debug|Any CPU.Build.0 = Debug|Any CPU
		{3EAAE009-9932-469D-9E92-4802BF9D937F}.Release|Any CPU.ActiveCfg = Release|Any CPU
		{3EAAE009-9932-469D-9E92-4802BF9D937F}.Release|Any CPU.Build.0 = Release|Any CPU
	EndGlobalSection
	GlobalSection(SolutionProperties) = preSolution
		HideSolutionNode = FALSE
	EndGlobalSection
	GlobalSection(ExtensibilityGlobals) = postSolution
		SolutionGuid = {81891DCB-CB66-4E67-9166-9C313F440F36}
	EndGlobalSection
EndGlobal
