
Microsoft Visual Studio Solution File, Format Version 12.00
# Visual Studio Version 16
VisualStudioVersion = 16.0.30002.166
MinimumVisualStudioVersion = 10.0.40219.1
Project("{FAE04EC0-301F-11D3-BF4B-00C04F79EFBC}") = "UsingList", "UsingList\UsingList.csproj", "{91E8AFD4-0B84-430E-8808-E78A020152DC}"
EndProject
Global
	GlobalSection(SolutionConfigurationPlatforms) = preSolution
		Debug|Any CPU = Debug|Any CPU
		Release|Any CPU = Release|Any CPU
	EndGlobalSection
	GlobalSection(ProjectConfigurationPlatforms) = postSolution
		{91E8AFD4-0B84-430E-8808-E78A020152DC}.Debug|Any CPU.ActiveCfg = Debug|Any CPU
		{91E8AFD4-0B84-430E-8808-E78A020152DC}.Debug|Any CPU.Build.0 = Debug|Any CPU
		{91E8AFD4-0B84-430E-8808-E78A020152DC}.Release|Any CPU.ActiveCfg = Release|Any CPU
		{91E8AFD4-0B84-430E-8808-E78A020152DC}.Release|Any CPU.Build.0 = Release|Any CPU
	EndGlobalSection
	GlobalSection(SolutionProperties) = preSolution
		HideSolutionNode = FALSE
	EndGlobalSection
	GlobalSection(ExtensibilityGlobals) = postSolution
		SolutionGuid = {D7A7904F-415C-4B72-972F-69F6D62534A5}
	EndGlobalSection
EndGlobal
