
Microsoft Visual Studio Solution File, Format Version 12.00
# Visual Studio Version 16
VisualStudioVersion = 16.0.29123.88
MinimumVisualStudioVersion = 10.0.40219.1
Project("{FAE04EC0-301F-11D3-BF4B-00C04F79EFBC}") = "UsingControls", "UsingControls\UsingControls.csproj", "{C392E2C2-6397-4820-AD50-3E2CBF4E44BF}"
EndProject
Global
	GlobalSection(SolutionConfigurationPlatforms) = preSolution
		Debug|Any CPU = Debug|Any CPU
		Release|Any CPU = Release|Any CPU
	EndGlobalSection
	GlobalSection(ProjectConfigurationPlatforms) = postSolution
		{C392E2C2-6397-4820-AD50-3E2CBF4E44BF}.Debug|Any CPU.ActiveCfg = Debug|Any CPU
		{C392E2C2-6397-4820-AD50-3E2CBF4E44BF}.Debug|Any CPU.Build.0 = Debug|Any CPU
		{C392E2C2-6397-4820-AD50-3E2CBF4E44BF}.Release|Any CPU.ActiveCfg = Release|Any CPU
		{C392E2C2-6397-4820-AD50-3E2CBF4E44BF}.Release|Any CPU.Build.0 = Release|Any CPU
	EndGlobalSection
	GlobalSection(SolutionProperties) = preSolution
		HideSolutionNode = FALSE
	EndGlobalSection
	GlobalSection(ExtensibilityGlobals) = postSolution
		SolutionGuid = {E33C4C32-9F21-4B71-ACF8-E69F689F06BA}
	EndGlobalSection
EndGlobal
