
Microsoft Visual Studio Solution File, Format Version 12.00
# Visual Studio Version 16
VisualStudioVersion = 16.0.29123.88
MinimumVisualStudioVersion = 10.0.40219.1
Project("{FAE04EC0-301F-11D3-BF4B-00C04F79EFBC}") = "StringFormatBasic", "StringFormatBasic\StringFormatBasic.csproj", "{ECCE0CE7-43B1-4773-961E-20997FF8CFD7}"
EndProject
Global
	GlobalSection(SolutionConfigurationPlatforms) = preSolution
		Debug|Any CPU = Debug|Any CPU
		Release|Any CPU = Release|Any CPU
	EndGlobalSection
	GlobalSection(ProjectConfigurationPlatforms) = postSolution
		{ECCE0CE7-43B1-4773-961E-20997FF8CFD7}.Debug|Any CPU.ActiveCfg = Debug|Any CPU
		{ECCE0CE7-43B1-4773-961E-20997FF8CFD7}.Debug|Any CPU.Build.0 = Debug|Any CPU
		{ECCE0CE7-43B1-4773-961E-20997FF8CFD7}.Release|Any CPU.ActiveCfg = Release|Any CPU
		{ECCE0CE7-43B1-4773-961E-20997FF8CFD7}.Release|Any CPU.Build.0 = Release|Any CPU
	EndGlobalSection
	GlobalSection(SolutionProperties) = preSolution
		HideSolutionNode = FALSE
	EndGlobalSection
	GlobalSection(ExtensibilityGlobals) = postSolution
		SolutionGuid = {3B9554D5-1242-4CA9-A8E3-42ABF84FB341}
	EndGlobalSection
EndGlobal
